// !$*UTF8*$!
{
	archiveVersion = 1;
	classes = {
	};
	objectVersion = 56;
	objects = {

/* Begin PBXBuildFile section */
		FAEBCF432BB6C21F00F737F0 /* Help_MEApp.swift in Sources */ = {isa = PBXBuildFile; fileRef = FAEBCF422BB6C21F00F737F0 /* Help_MEApp.swift */; };
		FAEBCF472BB6C22000F737F0 /* Assets.xcassets in Resources */ = {isa = PBXBuildFile; fileRef = FAEBCF462BB6C22000F737F0 /* Assets.xcassets */; };
		FAEBCF4A2BB6C22000F737F0 /* Preview Assets.xcassets in Resources */ = {isa = PBXBuildFile; fileRef = FAEBCF492BB6C22000F737F0 /* Preview Assets.xcassets */; };
		FAEBCF532BB6C3A100F737F0 /* FirebaseAuth in Frameworks */ = {isa = PBXBuildFile; productRef = FAEBCF522BB6C3A100F737F0 /* FirebaseAuth */; };
		FAEBCF572BB6C95700F737F0 /* Homel.swift in Sources */ = {isa = PBXBuildFile; fileRef = FAEBCF562BB6C95700F737F0 /* Homel.swift */; };
		FAEBCF5B2BB6FED500F737F0 /* Login.swift in Sources */ = {isa = PBXBuildFile; fileRef = FAEBCF5A2BB6FED500F737F0 /* Login.swift */; };
		FAEBCF5D2BB7085F00F737F0 /* GoogleService-Info.plist in Resources */ = {isa = PBXBuildFile; fileRef = FAEBCF5C2BB7085F00F737F0 /* GoogleService-Info.plist */; };
		FAEBCF632BB8344200F737F0 /* Register.swift in Sources */ = {isa = PBXBuildFile; fileRef = FAEBCF622BB8344200F737F0 /* Register.swift */; };
/* End PBXBuildFile section */

/* Begin PBXFileReference section */
		FAEBCF3F2BB6C21F00F737F0 /* Help!ME.app */ = {isa = PBXFileReference; explicitFileType = wrapper.application; includeInIndex = 0; path = "Help!ME.app"; sourceTree = BUILT_PRODUCTS_DIR; };
		FAEBCF422BB6C21F00F737F0 /* Help_MEApp.swift */ = {isa = PBXFileReference; lastKnownFileType = sourcecode.swift; path = Help_MEApp.swift; sourceTree = "<group>"; };
		FAEBCF462BB6C22000F737F0 /* Assets.xcassets */ = {isa = PBXFileReference; lastKnownFileType = folder.assetcatalog; path = Assets.xcassets; sourceTree = "<group>"; };
		FAEBCF492BB6C22000F737F0 /* Preview Assets.xcassets */ = {isa = PBXFileReference; lastKnownFileType = folder.assetcatalog; path = "Preview Assets.xcassets"; sourceTree = "<group>"; };
		FAEBCF502BB6C2B800F737F0 /* Help!ME.entitlements */ = {isa = PBXFileReference; lastKnownFileType = text.plist.entitlements; path = "Help!ME.entitlements"; sourceTree = "<group>"; };
		FAEBCF562BB6C95700F737F0 /* Homel.swift */ = {isa = PBXFileReference; lastKnownFileType = sourcecode.swift; path = Homel.swift; sourceTree = "<group>"; };
		FAEBCF5A2BB6FED500F737F0 /* Login.swift */ = {isa = PBXFileReference; lastKnownFileType = sourcecode.swift; path = Login.swift; sourceTree = "<group>"; };
		FAEBCF5C2BB7085F00F737F0 /* GoogleService-Info.plist */ = {isa = PBXFileReference; fileEncoding = 4; lastKnownFileType = text.plist.xml; path = "GoogleService-Info.plist"; sourceTree = "<group>"; };
		FAEBCF622BB8344200F737F0 /* Register.swift */ = {isa = PBXFileReference; lastKnownFileType = sourcecode.swift; path = Register.swift; sourceTree = "<group>"; };
/* End PBXFileReference section */

/* Begin PBXFrameworksBuildPhase section */
		FAEBCF3C2BB6C21F00F737F0 /* Frameworks */ = {
			isa = PBXFrameworksBuildPhase;
			buildActionMask = 2147483647;
			files = (
				FAEBCF532BB6C3A100F737F0 /* FirebaseAuth in Frameworks */,
			);
			runOnlyForDeploymentPostprocessing = 0;
		};
/* End PBXFrameworksBuildPhase section */

/* Begin PBXGroup section */
		FAEBCF362BB6C21F00F737F0 = {
			isa = PBXGroup;
			children = (
				FAEBCF412BB6C21F00F737F0 /* Help!ME */,
				FAEBCF402BB6C21F00F737F0 /* Products */,
			);
			sourceTree = "<group>";
		};
		FAEBCF402BB6C21F00F737F0 /* Products */ = {
			isa = PBXGroup;
			children = (
				FAEBCF3F2BB6C21F00F737F0 /* Help!ME.app */,
			);
			name = Products;
			sourceTree = "<group>";
		};
		FAEBCF412BB6C21F00F737F0 /* Help!ME */ = {
			isa = PBXGroup;
			children = (
				FAEBCF5C2BB7085F00F737F0 /* GoogleService-Info.plist */,
				FAEBCF502BB6C2B800F737F0 /* Help!ME.entitlements */,
				FAEBCF422BB6C21F00F737F0 /* Help_MEApp.swift */,
				FAEBCF462BB6C22000F737F0 /* Assets.xcassets */,
				FAEBCF482BB6C22000F737F0 /* Preview Content */,
				FAEBCF562BB6C95700F737F0 /* Homel.swift */,
				FAEBCF5A2BB6FED500F737F0 /* Login.swift */,
				FAEBCF622BB8344200F737F0 /* Register.swift */,
			);
			path = "Help!ME";
			sourceTree = "<group>";
		};
		FAEBCF482BB6C22000F737F0 /* Preview Content */ = {
			isa = PBXGroup;
			children = (
				FAEBCF492BB6C22000F737F0 /* Preview Assets.xcassets */,
			);
			path = "Preview Content";
			sourceTree = "<group>";
		};
/* End PBXGroup section */

/* Begin PBXNativeTarget section */
		FAEBCF3E2BB6C21F00F737F0 /* Help!ME */ = {
			isa = PBXNativeTarget;
			buildConfigurationList = FAEBCF4D2BB6C22000F737F0 /* Build configuration list for PBXNativeTarget "Help!ME" */;
			buildPhases = (
				FAEBCF3B2BB6C21F00F737F0 /* Sources */,
				FAEBCF3C2BB6C21F00F737F0 /* Frameworks */,
				FAEBCF3D2BB6C21F00F737F0 /* Resources */,
			);
			buildRules = (
			);
			dependencies = (
			);
			name = "Help!ME";
			packageProductDependencies = (
				FAEBCF522BB6C3A100F737F0 /* FirebaseAuth */,
			);
			productName = "Help!ME";
			productReference = FAEBCF3F2BB6C21F00F737F0 /* Help!ME.app */;
			productType = "com.apple.product-type.application";
		};
/* End PBXNativeTarget section */

/* Begin PBXProject section */
		FAEBCF372BB6C21F00F737F0 /* Project object */ = {
			isa = PBXProject;
			attributes = {
				BuildIndependentTargetsInParallel = 1;
				LastSwiftUpdateCheck = 1530;
				LastUpgradeCheck = 1530;
				TargetAttributes = {
					FAEBCF3E2BB6C21F00F737F0 = {
						CreatedOnToolsVersion = 15.3;
					};
				};
			};
			buildConfigurationList = FAEBCF3A2BB6C21F00F737F0 /* Build configuration list for PBXProject "Help!ME" */;
			compatibilityVersion = "Xcode 14.0";
			developmentRegion = en;
			hasScannedForEncodings = 0;
			knownRegions = (
				en,
				Base,
			);
			mainGroup = FAEBCF362BB6C21F00F737F0;
			packageReferences = (
				FAEBCF512BB6C3A100F737F0 /* XCRemoteSwiftPackageReference "firebase-ios-sdk" */,
			);
			productRefGroup = FAEBCF402BB6C21F00F737F0 /* Products */;
			projectDirPath = "";
			projectRoot = "";
			targets = (
				FAEBCF3E2BB6C21F00F737F0 /* Help!ME */,
			);
		};
/* End PBXProject section */

/* Begin PBXResourcesBuildPhase section */
		FAEBCF3D2BB6C21F00F737F0 /* Resources */ = {
			isa = PBXResourcesBuildPhase;
			buildActionMask = 2147483647;
			files = (
				FAEBCF4A2BB6C22000F737F0 /* Preview Assets.xcassets in Resources */,
				FAEBCF472BB6C22000F737F0 /* Assets.xcassets in Resources */,
				FAEBCF5D2BB7085F00F737F0 /* GoogleService-Info.plist in Resources */,
			);
			runOnlyForDeploymentPostprocessing = 0;
		};
/* End PBXResourcesBuildPhase section */

/* Begin PBXSourcesBuildPhase section */
		FAEBCF3B2BB6C21F00F737F0 /* Sources */ = {
			isa = PBXSourcesBuildPhase;
			buildActionMask = 2147483647;
			files = (
				FAEBCF432BB6C21F00F737F0 /* Help_MEApp.swift in Sources */,
				FAEBCF5B2BB6FED500F737F0 /* Login.swift in Sources */,
				FAEBCF632BB8344200F737F0 /* Register.swift in Sources */,
				FAEBCF572BB6C95700F737F0 /* Homel.swift in Sources */,
			);
			runOnlyForDeploymentPostprocessing = 0;
		};
/* End PBXSourcesBuildPhase section */

/* Begin XCBuildConfiguration section */
		FAEBCF4B2BB6C22000F737F0 /* Debug */ = {
			isa = XCBuildConfiguration;
			buildSettings = {
				ALWAYS_SEARCH_USER_PATHS = NO;
				ASSETCATALOG_COMPILER_GENERATE_SWIFT_ASSET_SYMBOL_EXTENSIONS = YES;
				CLANG_ANALYZER_NONNULL = YES;
				CLANG_ANALYZER_NUMBER_OBJECT_CONVERSION = YES_AGGRESSIVE;
				CLANG_CXX_LANGUAGE_STANDARD = "gnu++20";
				CLANG_ENABLE_MODULES = YES;
				CLANG_ENABLE_OBJC_ARC = YES;
				CLANG_ENABLE_OBJC_WEAK = YES;
				CLANG_WARN_BLOCK_CAPTURE_AUTORELEASING = YES;
				CLANG_WARN_BOOL_CONVERSION = YES;
				CLANG_WARN_COMMA = YES;
				CLANG_WARN_CONSTANT_CONVERSION = YES;
				CLANG_WARN_DEPRECATED_OBJC_IMPLEMENTATIONS = YES;
				CLANG_WARN_DIRECT_OBJC_ISA_USAGE = YES_ERROR;
				CLANG_WARN_DOCUMENTATION_COMMENTS = YES;
				CLANG_WARN_EMPTY_BODY = YES;
				CLANG_WARN_ENUM_CONVERSION = YES;
				CLANG_WARN_INFINITE_RECURSION = YES;
				CLANG_WARN_INT_CONVERSION = YES;
				CLANG_WARN_NON_LITERAL_NULL_CONVERSION = YES;
				CLANG_WARN_OBJC_IMPLICIT_RETAIN_SELF = YES;
				CLANG_WARN_OBJC_LITERAL_CONVERSION = YES;
				CLANG_WARN_OBJC_ROOT_CLASS = YES_ERROR;
				CLANG_WARN_QUOTED_INCLUDE_IN_FRAMEWORK_HEADER = YES;
				CLANG_WARN_RANGE_LOOP_ANALYSIS = YES;
				CLANG_WARN_STRICT_PROTOTYPES = YES;
				CLANG_WARN_SUSPICIOUS_MOVE = YES;
				CLANG_WARN_UNGUARDED_AVAILABILITY = YES_AGGRESSIVE;
				CLANG_WARN_UNREACHABLE_CODE = YES;
				CLANG_WARN__DUPLICATE_METHOD_MATCH = YES;
				COPY_PHASE_STRIP = NO;
				DEBUG_INFORMATION_FORMAT = dwarf;
				ENABLE_STRICT_OBJC_MSGSEND = YES;
				ENABLE_TESTABILITY = YES;
				ENABLE_USER_SCRIPT_SANDBOXING = YES;
				GCC_C_LANGUAGE_STANDARD = gnu17;
				GCC_DYNAMIC_NO_PIC = NO;
				GCC_NO_COMMON_BLOCKS = YES;
				GCC_OPTIMIZATION_LEVEL = 0;
				GCC_PREPROCESSOR_DEFINITIONS = (
					"DEBUG=1",
					"$(inherited)",
				);
				GCC_WARN_64_TO_32_BIT_CONVERSION = YES;
				GCC_WARN_ABOUT_RETURN_TYPE = YES_ERROR;
				GCC_WARN_UNDECLARED_SELECTOR = YES;
				GCC_WARN_UNINITIALIZED_AUTOS = YES_AGGRESSIVE;
				GCC_WARN_UNUSED_FUNCTION = YES;
				GCC_WARN_UNUSED_VARIABLE = YES;
				IPHONEOS_DEPLOYMENT_TARGET = 17.4;
				LOCALIZATION_PREFERS_STRING_CATALOGS = YES;
				MTL_ENABLE_DEBUG_INFO = INCLUDE_SOURCE;
				MTL_FAST_MATH = YES;
				ONLY_ACTIVE_ARCH = YES;
				SDKROOT = iphoneos;
				SWIFT_ACTIVE_COMPILATION_CONDITIONS = "DEBUG $(inherited)";
				SWIFT_OPTIMIZATION_LEVEL = "-Onone";
			};
			name = Debug;
		};
		FAEBCF4C2BB6C22000F737F0 /* Release */ = {
			isa = XCBuildConfiguration;
			buildSettings = {
				ALWAYS_SEARCH_USER_PATHS = NO;
				ASSETCATALOG_COMPILER_GENERATE_SWIFT_ASSET_SYMBOL_EXTENSIONS = YES;
				CLANG_ANALYZER_NONNULL = YES;
				CLANG_ANALYZER_NUMBER_OBJECT_CONVERSION = YES_AGGRESSIVE;
				CLANG_CXX_LANGUAGE_STANDARD = "gnu++20";
				CLANG_ENABLE_MODULES = YES;
				CLANG_ENABLE_OBJC_ARC = YES;
				CLANG_ENABLE_OBJC_WEAK = YES;
				CLANG_WARN_BLOCK_CAPTURE_AUTORELEASING = YES;
				CLANG_WARN_BOOL_CONVERSION = YES;
				CLANG_WARN_COMMA = YES;
				CLANG_WARN_CONSTANT_CONVERSION = YES;
				CLANG_WARN_DEPRECATED_OBJC_IMPLEMENTATIONS = YES;
				CLANG_WARN_DIRECT_OBJC_ISA_USAGE = YES_ERROR;
				CLANG_WARN_DOCUMENTATION_COMMENTS = YES;
				CLANG_WARN_EMPTY_BODY = YES;
				CLANG_WARN_ENUM_CONVERSION = YES;
				CLANG_WARN_INFINITE_RECURSION = YES;
				CLANG_WARN_INT_CONVERSION = YES;
				CLANG_WARN_NON_LITERAL_NULL_CONVERSION = YES;
				CLANG_WARN_OBJC_IMPLICIT_RETAIN_SELF = YES;
				CLANG_WARN_OBJC_LITERAL_CONVERSION = YES;
				CLANG_WARN_OBJC_ROOT_CLASS = YES_ERROR;
				CLANG_WARN_QUOTED_INCLUDE_IN_FRAMEWORK_HEADER = YES;
				CLANG_WARN_RANGE_LOOP_ANALYSIS = YES;
				CLANG_WARN_STRICT_PROTOTYPES = YES;
				CLANG_WARN_SUSPICIOUS_MOVE = YES;
				CLANG_WARN_UNGUARDED_AVAILABILITY = YES_AGGRESSIVE;
				CLANG_WARN_UNREACHABLE_CODE = YES;
				CLANG_WARN__DUPLICATE_METHOD_MATCH = YES;
				COPY_PHASE_STRIP = NO;
				DEBUG_INFORMATION_FORMAT = "dwarf-with-dsym";
				ENABLE_NS_ASSERTIONS = NO;
				ENABLE_STRICT_OBJC_MSGSEND = YES;
				ENABLE_USER_SCRIPT_SANDBOXING = YES;
				GCC_C_LANGUAGE_STANDARD = gnu17;
				GCC_NO_COMMON_BLOCKS = YES;
				GCC_WARN_64_TO_32_BIT_CONVERSION = YES;
				GCC_WARN_ABOUT_RETURN_TYPE = YES_ERROR;
				GCC_WARN_UNDECLARED_SELECTOR = YES;
				GCC_WARN_UNINITIALIZED_AUTOS = YES_AGGRESSIVE;
				GCC_WARN_UNUSED_FUNCTION = YES;
				GCC_WARN_UNUSED_VARIABLE = YES;
				IPHONEOS_DEPLOYMENT_TARGET = 17.4;
				LOCALIZATION_PREFERS_STRING_CATALOGS = YES;
				MTL_ENABLE_DEBUG_INFO = NO;
				MTL_FAST_MATH = YES;
				SDKROOT = iphoneos;
				SWIFT_COMPILATION_MODE = wholemodule;
				VALIDATE_PRODUCT = YES;
			};
			name = Release;
		};
		FAEBCF4E2BB6C22000F737F0 /* Debug */ = {
			isa = XCBuildConfiguration;
			buildSettings = {
				ASSETCATALOG_COMPILER_APPICON_NAME = AppIcon;
				ASSETCATALOG_COMPILER_GLOBAL_ACCENT_COLOR_NAME = AccentColor;
				CODE_SIGN_ENTITLEMENTS = "Help!ME/Help!ME.entitlements";
				CODE_SIGN_STYLE = Automatic;
				CURRENT_PROJECT_VERSION = 1;
				DEVELOPMENT_ASSET_PATHS = "\"Help!ME/Preview Content\"";
				DEVELOPMENT_TEAM = JFH28W8445;
				ENABLE_PREVIEWS = YES;
				GENERATE_INFOPLIST_FILE = YES;
				INFOPLIST_KEY_UIApplicationSceneManifest_Generation = YES;
				INFOPLIST_KEY_UIApplicationSupportsIndirectInputEvents = YES;
				INFOPLIST_KEY_UILaunchScreen_Generation = YES;
				INFOPLIST_KEY_UISupportedInterfaceOrientations_iPad = "UIInterfaceOrientationPortrait UIInterfaceOrientationPortraitUpsideDown UIInterfaceOrientationLandscapeLeft UIInterfaceOrientationLandscapeRight";
				INFOPLIST_KEY_UISupportedInterfaceOrientations_iPhone = "UIInterfaceOrientationPortrait UIInterfaceOrientationLandscapeLeft UIInterfaceOrientationLandscapeRight";
				LD_RUNPATH_SEARCH_PATHS = (
					"$(inherited)",
					"@executable_path/Frameworks",
				);
				MARKETING_VERSION = 1.0;
				PRODUCT_BUNDLE_IDENTIFIER = "Alex.Help-ME";
				PRODUCT_NAME = "$(TARGET_NAME)";
				SWIFT_EMIT_LOC_STRINGS = YES;
				SWIFT_VERSION = 5.0;
				TARGETED_DEVICE_FAMILY = "1,2";
			};
			name = Debug;
		};
		FAEBCF4F2BB6C22000F737F0 /* Release */ = {
			isa = XCBuildConfiguration;
			buildSettings = {
				ASSETCATALOG_COMPILER_APPICON_NAME = AppIcon;
				ASSETCATALOG_COMPILER_GLOBAL_ACCENT_COLOR_NAME = AccentColor;
				CODE_SIGN_ENTITLEMENTS = "Help!ME/Help!ME.entitlements";
				CODE_SIGN_STYLE = Automatic;
				CURRENT_PROJECT_VERSION = 1;
				DEVELOPMENT_ASSET_PATHS = "\"Help!ME/Preview Content\"";
				DEVELOPMENT_TEAM = JFH28W8445;
				ENABLE_PREVIEWS = YES;
				GENERATE_INFOPLIST_FILE = YES;
				INFOPLIST_KEY_UIApplicationSceneManifest_Generation = YES;
				INFOPLIST_KEY_UIApplicationSupportsIndirectInputEvents = YES;
				INFOPLIST_KEY_UILaunchScreen_Generation = YES;
				INFOPLIST_KEY_UISupportedInterfaceOrientations_iPad = "UIInterfaceOrientationPortrait UIInterfaceOrientationPortraitUpsideDown UIInterfaceOrientationLandscapeLeft UIInterfaceOrientationLandscapeRight";
				INFOPLIST_KEY_UISupportedInterfaceOrientations_iPhone = "UIInterfaceOrientationPortrait UIInterfaceOrientationLandscapeLeft UIInterfaceOrientationLandscapeRight";
				LD_RUNPATH_SEARCH_PATHS = (
					"$(inherited)",
					"@executable_path/Frameworks",
				);
				MARKETING_VERSION = 1.0;
				PRODUCT_BUNDLE_IDENTIFIER = "Alex.Help-ME";
				PRODUCT_NAME = "$(TARGET_NAME)";
				SWIFT_EMIT_LOC_STRINGS = YES;
				SWIFT_VERSION = 5.0;
				TARGETED_DEVICE_FAMILY = "1,2";
			};
			name = Release;
		};
/* End XCBuildConfiguration section */

/* Begin XCConfigurationList section */
		FAEBCF3A2BB6C21F00F737F0 /* Build configuration list for PBXProject "Help!ME" */ = {
			isa = XCConfigurationList;
			buildConfigurations = (
				FAEBCF4B2BB6C22000F737F0 /* Debug */,
				FAEBCF4C2BB6C22000F737F0 /* Release */,
			);
			defaultConfigurationIsVisible = 0;
			defaultConfigurationName = Release;
		};
		FAEBCF4D2BB6C22000F737F0 /* Build configuration list for PBXNativeTarget "Help!ME" */ = {
			isa = XCConfigurationList;
			buildConfigurations = (
				FAEBCF4E2BB6C22000F737F0 /* Debug */,
				FAEBCF4F2BB6C22000F737F0 /* Release */,
			);
			defaultConfigurationIsVisible = 0;
			defaultConfigurationName = Release;
		};
/* End XCConfigurationList section */

/* Begin XCRemoteSwiftPackageReference section */
		FAEBCF512BB6C3A100F737F0 /* XCRemoteSwiftPackageReference "firebase-ios-sdk" */ = {
			isa = XCRemoteSwiftPackageReference;
			repositoryURL = "https://github.com/firebase/firebase-ios-sdk.git";
			requirement = {
				kind = upToNextMajorVersion;
				minimumVersion = 10.23.1;
			};
		};
/* End XCRemoteSwiftPackageReference section */

/* Begin XCSwiftPackageProductDependency section */
		FAEBCF522BB6C3A100F737F0 /* FirebaseAuth */ = {
			isa = XCSwiftPackageProductDependency;
			package = FAEBCF512BB6C3A100F737F0 /* XCRemoteSwiftPackageReference "firebase-ios-sdk" */;
			productName = FirebaseAuth;
		};
/* End XCSwiftPackageProductDependency section */
	};
	rootObject = FAEBCF372BB6C21F00F737F0 /* Project object */;
}
